{
  "name": "expsenior",
  "version": "1.0.0",
  "lockfileVersion": 3,
  "requires": true,
  "packages": {
    "": {
      "name": "expsenior",
      "version": "1.0.0",
      "license": "ISC",
      "dependencies": {
        "@activeadmin-plugins/active_admin_theme": "^1.1.4"
      }
    },
    "node_modules/@activeadmin-plugins/active_admin_theme": {
      "version": "1.1.4",
      "resolved": "https://registry.npmjs.org/@activeadmin-plugins/active_admin_theme/-/active_admin_theme-1.1.4.tgz",
      "integrity": "sha512-bbLN3/3n9DT/ECHmjB1mLpbMLen9zk5WL8vi8RxtvVN8PWqzK0wEZ/gz7Erw42Y+/0Pfk811lWBUDg9BckigmQ=="
    }
  }
}
